// !$*UTF8*$!
{
	archiveVersion = 1;
	classes = {
	};
	objectVersion = 46;
	objects = {

/* Begin PBXBuildFile section */
		6609A8A11BCF1B0B00219D19 /* SessionModel.swift in Sources */ = {isa = PBXBuildFile; fileRef = 6609A8A01BCF1B0B00219D19 /* SessionModel.swift */; };
		6609A8A31BCFBF4800219D19 /* LibrariesDataSource.swift in Sources */ = {isa = PBXBuildFile; fileRef = 6609A8A21BCFBF4800219D19 /* LibrariesDataSource.swift */; };
		66209A1E1BC2FA3600902B02 /* CommentsDataSource.swift in Sources */ = {isa = PBXBuildFile; fileRef = 66209A1D1BC2FA3600902B02 /* CommentsDataSource.swift */; };
		66209A201BC2FB5C00902B02 /* UserDataSource.swift in Sources */ = {isa = PBXBuildFile; fileRef = 66209A1F1BC2FB5C00902B02 /* UserDataSource.swift */; };
		6637245E1BC082CC00BEA831 /* LoginViewController.swift in Sources */ = {isa = PBXBuildFile; fileRef = 6637245D1BC082CC00BEA831 /* LoginViewController.swift */; };
		6648825D1BD1AF3A004E41D0 /* Library.swift in Sources */ = {isa = PBXBuildFile; fileRef = 6648825C1BD1AF3A004E41D0 /* Library.swift */; };
		664882611BD1B966004E41D0 /* LibraryViewController.swift in Sources */ = {isa = PBXBuildFile; fileRef = 664882601BD1B966004E41D0 /* LibraryViewController.swift */; };
		664882631BD26FB3004E41D0 /* LibrariesListTableViewController.swift in Sources */ = {isa = PBXBuildFile; fileRef = 664882621BD26FB3004E41D0 /* LibrariesListTableViewController.swift */; };
		664BE7871BA757F400FA7EA5 /* AppDelegate.swift in Sources */ = {isa = PBXBuildFile; fileRef = 664BE7861BA757F400FA7EA5 /* AppDelegate.swift */; };
		664BE78E1BA757F500FA7EA5 /* Images.xcassets in Resources */ = {isa = PBXBuildFile; fileRef = 664BE78D1BA757F500FA7EA5 /* Images.xcassets */; };
		664BE7911BA757F500FA7EA5 /* LaunchScreen.xib in Resources */ = {isa = PBXBuildFile; fileRef = 664BE78F1BA757F500FA7EA5 /* LaunchScreen.xib */; };
		664BE79D1BA757F500FA7EA5 /* EmbrTests.swift in Sources */ = {isa = PBXBuildFile; fileRef = 664BE79C1BA757F500FA7EA5 /* EmbrTests.swift */; };
		664BE7A71BA758AE00FA7EA5 /* Main.storyboard in Resources */ = {isa = PBXBuildFile; fileRef = 664BE7A61BA758AE00FA7EA5 /* Main.storyboard */; };
		664BE7AF1BA76C5700FA7EA5 /* User.swift in Sources */ = {isa = PBXBuildFile; fileRef = 664BE7AE1BA76C5700FA7EA5 /* User.swift */; };
		664BE7B11BA7857400FA7EA5 /* MediaItem.swift in Sources */ = {isa = PBXBuildFile; fileRef = 664BE7B01BA7857400FA7EA5 /* MediaItem.swift */; };
		66511A8D1BCA8E2600E066BD /* EmbrConnection.swift in Sources */ = {isa = PBXBuildFile; fileRef = 66511A8C1BCA8E2600E066BD /* EmbrConnection.swift */; };
		665399D71BAB43490055899B /* Comment.swift in Sources */ = {isa = PBXBuildFile; fileRef = 665399D61BAB43490055899B /* Comment.swift */; };
		665399D91BAC97B30055899B /* SearchViewController.swift in Sources */ = {isa = PBXBuildFile; fileRef = 665399D81BAC97B30055899B /* SearchViewController.swift */; };
		665AC88C1BC5B92D00589860 /* SignUpViewController.swift in Sources */ = {isa = PBXBuildFile; fileRef = 665AC88B1BC5B92D00589860 /* SignUpViewController.swift */; };
		666796981BB6BD2A00643098 /* ItemDataSource.swift in Sources */ = {isa = PBXBuildFile; fileRef = 666796971BB6BD2A00643098 /* ItemDataSource.swift */; };
		66873A0E1BA9CED600A71432 /* ItemDetailsViewController.swift in Sources */ = {isa = PBXBuildFile; fileRef = 66873A0D1BA9CED600A71432 /* ItemDetailsViewController.swift */; };
		668D74B61BF6A86300499A40 /* FriendsListTableViewController.swift in Sources */ = {isa = PBXBuildFile; fileRef = 668D74B51BF6A86300499A40 /* FriendsListTableViewController.swift */; };
		66AC95F01BFA80CE00F3BF23 /* TopChartsTableViewController.swift in Sources */ = {isa = PBXBuildFile; fileRef = 66AC95EF1BFA80CE00F3BF23 /* TopChartsTableViewController.swift */; };
		66AC95F21BFA810E00F3BF23 /* TopChartsModel.swift in Sources */ = {isa = PBXBuildFile; fileRef = 66AC95F11BFA810E00F3BF23 /* TopChartsModel.swift */; };
		66B172FC1BC40DB000B0BA3D /* CreateCommentViewController.swift in Sources */ = {isa = PBXBuildFile; fileRef = 66B172FB1BC40DB000B0BA3D /* CreateCommentViewController.swift */; };
		66CA4B321BB5DE17000B1C76 /* MenuViewController.swift in Sources */ = {isa = PBXBuildFile; fileRef = 66CA4B311BB5DE17000B1C76 /* MenuViewController.swift */; };
		66CA4B341BB5E7D0000B1C76 /* CommentsViewController.swift in Sources */ = {isa = PBXBuildFile; fileRef = 66CA4B331BB5E7D0000B1C76 /* CommentsViewController.swift */; };
		66E5BCFF1BF4F19B00E91DA2 /* ProfileViewController.swift in Sources */ = {isa = PBXBuildFile; fileRef = 66E5BCFE1BF4F19B00E91DA2 /* ProfileViewController.swift */; };
/* End PBXBuildFile section */

/* Begin PBXContainerItemProxy section */
		664BE7971BA757F500FA7EA5 /* PBXContainerItemProxy */ = {
			isa = PBXContainerItemProxy;
			containerPortal = 664BE7791BA757F400FA7EA5 /* Project object */;
			proxyType = 1;
			remoteGlobalIDString = 664BE7801BA757F400FA7EA5;
			remoteInfo = Embr;
		};
/* End PBXContainerItemProxy section */

/* Begin PBXFileReference section */
		6609A8A01BCF1B0B00219D19 /* SessionModel.swift */ = {isa = PBXFileReference; fileEncoding = 4; lastKnownFileType = sourcecode.swift; path = SessionModel.swift; sourceTree = "<group>"; };
		6609A8A21BCFBF4800219D19 /* LibrariesDataSource.swift */ = {isa = PBXFileReference; fileEncoding = 4; lastKnownFileType = sourcecode.swift; path = LibrariesDataSource.swift; sourceTree = "<group>"; };
		66209A1D1BC2FA3600902B02 /* CommentsDataSource.swift */ = {isa = PBXFileReference; fileEncoding = 4; lastKnownFileType = sourcecode.swift; path = CommentsDataSource.swift; sourceTree = "<group>"; };
		66209A1F1BC2FB5C00902B02 /* UserDataSource.swift */ = {isa = PBXFileReference; fileEncoding = 4; lastKnownFileType = sourcecode.swift; path = UserDataSource.swift; sourceTree = "<group>"; };
		6637245D1BC082CC00BEA831 /* LoginViewController.swift */ = {isa = PBXFileReference; fileEncoding = 4; lastKnownFileType = sourcecode.swift; path = LoginViewController.swift; sourceTree = "<group>"; };
		6648825C1BD1AF3A004E41D0 /* Library.swift */ = {isa = PBXFileReference; fileEncoding = 4; lastKnownFileType = sourcecode.swift; path = Library.swift; sourceTree = "<group>"; };
		664882601BD1B966004E41D0 /* LibraryViewController.swift */ = {isa = PBXFileReference; fileEncoding = 4; lastKnownFileType = sourcecode.swift; path = LibraryViewController.swift; sourceTree = "<group>"; };
		664882621BD26FB3004E41D0 /* LibrariesListTableViewController.swift */ = {isa = PBXFileReference; fileEncoding = 4; lastKnownFileType = sourcecode.swift; path = LibrariesListTableViewController.swift; sourceTree = "<group>"; };
		664BE7811BA757F400FA7EA5 /* Embr.app */ = {isa = PBXFileReference; explicitFileType = wrapper.application; includeInIndex = 0; path = Embr.app; sourceTree = BUILT_PRODUCTS_DIR; };
		664BE7851BA757F400FA7EA5 /* Info.plist */ = {isa = PBXFileReference; lastKnownFileType = text.plist.xml; path = Info.plist; sourceTree = "<group>"; };
		664BE7861BA757F400FA7EA5 /* AppDelegate.swift */ = {isa = PBXFileReference; lastKnownFileType = sourcecode.swift; path = AppDelegate.swift; sourceTree = "<group>"; };
		664BE78D1BA757F500FA7EA5 /* Images.xcassets */ = {isa = PBXFileReference; lastKnownFileType = folder.assetcatalog; name = Images.xcassets; path = Embr/Images.xcassets; sourceTree = "<group>"; };
		664BE7901BA757F500FA7EA5 /* Base */ = {isa = PBXFileReference; lastKnownFileType = file.xib; name = Base; path = Base.lproj/LaunchScreen.xib; sourceTree = "<group>"; };
		664BE7961BA757F500FA7EA5 /* EmbrTests.xctest */ = {isa = PBXFileReference; explicitFileType = wrapper.cfbundle; includeInIndex = 0; path = EmbrTests.xctest; sourceTree = BUILT_PRODUCTS_DIR; };
		664BE79B1BA757F500FA7EA5 /* Info.plist */ = {isa = PBXFileReference; lastKnownFileType = text.plist.xml; path = Info.plist; sourceTree = "<group>"; };
		664BE79C1BA757F500FA7EA5 /* EmbrTests.swift */ = {isa = PBXFileReference; lastKnownFileType = sourcecode.swift; path = EmbrTests.swift; sourceTree = "<group>"; };
		664BE7A61BA758AE00FA7EA5 /* Main.storyboard */ = {isa = PBXFileReference; fileEncoding = 4; lastKnownFileType = file.storyboard; path = Main.storyboard; sourceTree = "<group>"; };
		664BE7AE1BA76C5700FA7EA5 /* User.swift */ = {isa = PBXFileReference; fileEncoding = 4; lastKnownFileType = sourcecode.swift; path = User.swift; sourceTree = "<group>"; };
		664BE7B01BA7857400FA7EA5 /* MediaItem.swift */ = {isa = PBXFileReference; fileEncoding = 4; lastKnownFileType = sourcecode.swift; path = MediaItem.swift; sourceTree = "<group>"; };
		66511A8C1BCA8E2600E066BD /* EmbrConnection.swift */ = {isa = PBXFileReference; fileEncoding = 4; lastKnownFileType = sourcecode.swift; path = EmbrConnection.swift; sourceTree = "<group>"; };
		665399D61BAB43490055899B /* Comment.swift */ = {isa = PBXFileReference; fileEncoding = 4; lastKnownFileType = sourcecode.swift; path = Comment.swift; sourceTree = "<group>"; };
		665399D81BAC97B30055899B /* SearchViewController.swift */ = {isa = PBXFileReference; fileEncoding = 4; lastKnownFileType = sourcecode.swift; path = SearchViewController.swift; sourceTree = "<group>"; };
		665AC88B1BC5B92D00589860 /* SignUpViewController.swift */ = {isa = PBXFileReference; fileEncoding = 4; lastKnownFileType = sourcecode.swift; path = SignUpViewController.swift; sourceTree = "<group>"; };
		666796971BB6BD2A00643098 /* ItemDataSource.swift */ = {isa = PBXFileReference; fileEncoding = 4; lastKnownFileType = sourcecode.swift; path = ItemDataSource.swift; sourceTree = "<group>"; };
		66873A0D1BA9CED600A71432 /* ItemDetailsViewController.swift */ = {isa = PBXFileReference; fileEncoding = 4; lastKnownFileType = sourcecode.swift; path = ItemDetailsViewController.swift; sourceTree = "<group>"; };
		668D74B51BF6A86300499A40 /* FriendsListTableViewController.swift */ = {isa = PBXFileReference; fileEncoding = 4; lastKnownFileType = sourcecode.swift; path = FriendsListTableViewController.swift; sourceTree = "<group>"; };
		66AC95EF1BFA80CE00F3BF23 /* TopChartsTableViewController.swift */ = {isa = PBXFileReference; fileEncoding = 4; lastKnownFileType = sourcecode.swift; path = TopChartsTableViewController.swift; sourceTree = "<group>"; };
		66AC95F11BFA810E00F3BF23 /* TopChartsModel.swift */ = {isa = PBXFileReference; fileEncoding = 4; lastKnownFileType = sourcecode.swift; path = TopChartsModel.swift; sourceTree = "<group>"; };
		66B172FB1BC40DB000B0BA3D /* CreateCommentViewController.swift */ = {isa = PBXFileReference; fileEncoding = 4; lastKnownFileType = sourcecode.swift; path = CreateCommentViewController.swift; sourceTree = "<group>"; };
		66CA4B311BB5DE17000B1C76 /* MenuViewController.swift */ = {isa = PBXFileReference; fileEncoding = 4; lastKnownFileType = sourcecode.swift; path = MenuViewController.swift; sourceTree = "<group>"; };
		66CA4B331BB5E7D0000B1C76 /* CommentsViewController.swift */ = {isa = PBXFileReference; fileEncoding = 4; lastKnownFileType = sourcecode.swift; path = CommentsViewController.swift; sourceTree = "<group>"; };
		66E5BCFE1BF4F19B00E91DA2 /* ProfileViewController.swift */ = {isa = PBXFileReference; fileEncoding = 4; lastKnownFileType = sourcecode.swift; path = ProfileViewController.swift; sourceTree = "<group>"; };
/* End PBXFileReference section */

/* Begin PBXFrameworksBuildPhase section */
		664BE77E1BA757F400FA7EA5 /* Frameworks */ = {
			isa = PBXFrameworksBuildPhase;
			buildActionMask = 2147483647;
			files = (
			);
			runOnlyForDeploymentPostprocessing = 0;
		};
		664BE7931BA757F500FA7EA5 /* Frameworks */ = {
			isa = PBXFrameworksBuildPhase;
			buildActionMask = 2147483647;
			files = (
			);
			runOnlyForDeploymentPostprocessing = 0;
		};
/* End PBXFrameworksBuildPhase section */

/* Begin PBXGroup section */
		664BE7781BA757F400FA7EA5 = {
			isa = PBXGroup;
			children = (
				664BE7831BA757F400FA7EA5 /* Embr */,
				664BE7991BA757F500FA7EA5 /* EmbrTests */,
				664BE7821BA757F400FA7EA5 /* Products */,
				664BE7841BA757F400FA7EA5 /* Supporting Files */,
				664BE78D1BA757F500FA7EA5 /* Images.xcassets */,
			);
			sourceTree = "<group>";
		};
		664BE7821BA757F400FA7EA5 /* Products */ = {
			isa = PBXGroup;
			children = (
				664BE7811BA757F400FA7EA5 /* Embr.app */,
				664BE7961BA757F500FA7EA5 /* EmbrTests.xctest */,
			);
			name = Products;
			sourceTree = "<group>";
		};
		664BE7831BA757F400FA7EA5 /* Embr */ = {
			isa = PBXGroup;
			children = (
				664BE7AB1BA76A6700FA7EA5 /* Model */,
				664BE7AA1BA76A5800FA7EA5 /* Controller */,
				664BE7AD1BA76A7D00FA7EA5 /* View */,
			);
			path = Embr;
			sourceTree = "<group>";
		};
		664BE7841BA757F400FA7EA5 /* Supporting Files */ = {
			isa = PBXGroup;
			children = (
				664BE7861BA757F400FA7EA5 /* AppDelegate.swift */,
				664BE7851BA757F400FA7EA5 /* Info.plist */,
			);
			name = "Supporting Files";
			path = Embr;
			sourceTree = "<group>";
		};
		664BE7991BA757F500FA7EA5 /* EmbrTests */ = {
			isa = PBXGroup;
			children = (
				664BE79C1BA757F500FA7EA5 /* EmbrTests.swift */,
				664BE79A1BA757F500FA7EA5 /* Supporting Files */,
			);
			path = EmbrTests;
			sourceTree = "<group>";
		};
		664BE79A1BA757F500FA7EA5 /* Supporting Files */ = {
			isa = PBXGroup;
			children = (
				664BE79B1BA757F500FA7EA5 /* Info.plist */,
			);
			name = "Supporting Files";
			sourceTree = "<group>";
		};
		664BE7AA1BA76A5800FA7EA5 /* Controller */ = {
			isa = PBXGroup;
			children = (
				66873A0D1BA9CED600A71432 /* ItemDetailsViewController.swift */,
				665399D81BAC97B30055899B /* SearchViewController.swift */,
				66CA4B311BB5DE17000B1C76 /* MenuViewController.swift */,
				66CA4B331BB5E7D0000B1C76 /* CommentsViewController.swift */,
				6637245D1BC082CC00BEA831 /* LoginViewController.swift */,
				66B172FB1BC40DB000B0BA3D /* CreateCommentViewController.swift */,
				665AC88B1BC5B92D00589860 /* SignUpViewController.swift */,
				664882601BD1B966004E41D0 /* LibraryViewController.swift */,
				664882621BD26FB3004E41D0 /* LibrariesListTableViewController.swift */,
				66E5BCFE1BF4F19B00E91DA2 /* ProfileViewController.swift */,
				668D74B51BF6A86300499A40 /* FriendsListTableViewController.swift */,
				66AC95EF1BFA80CE00F3BF23 /* TopChartsTableViewController.swift */,
			);
			name = Controller;
			sourceTree = "<group>";
		};
		664BE7AB1BA76A6700FA7EA5 /* Model */ = {
			isa = PBXGroup;
			children = (
				664BE7AE1BA76C5700FA7EA5 /* User.swift */,
				664BE7B01BA7857400FA7EA5 /* MediaItem.swift */,
				665399D61BAB43490055899B /* Comment.swift */,
				666796971BB6BD2A00643098 /* ItemDataSource.swift */,
				66209A1D1BC2FA3600902B02 /* CommentsDataSource.swift */,
				66209A1F1BC2FB5C00902B02 /* UserDataSource.swift */,
				66511A8C1BCA8E2600E066BD /* EmbrConnection.swift */,
				6609A8A01BCF1B0B00219D19 /* SessionModel.swift */,
				6609A8A21BCFBF4800219D19 /* LibrariesDataSource.swift */,
				6648825C1BD1AF3A004E41D0 /* Library.swift */,
				66AC95F11BFA810E00F3BF23 /* TopChartsModel.swift */,
			);
			name = Model;
			sourceTree = "<group>";
		};
		664BE7AD1BA76A7D00FA7EA5 /* View */ = {
			isa = PBXGroup;
			children = (
				664BE78F1BA757F500FA7EA5 /* LaunchScreen.xib */,
				664BE7A61BA758AE00FA7EA5 /* Main.storyboard */,
			);
			name = View;
			sourceTree = "<group>";
		};
/* End PBXGroup section */

/* Begin PBXNativeTarget section */
		664BE7801BA757F400FA7EA5 /* Embr */ = {
			isa = PBXNativeTarget;
			buildConfigurationList = 664BE7A01BA757F500FA7EA5 /* Build configuration list for PBXNativeTarget "Embr" */;
			buildPhases = (
				664BE77D1BA757F400FA7EA5 /* Sources */,
				664BE77E1BA757F400FA7EA5 /* Frameworks */,
				664BE77F1BA757F400FA7EA5 /* Resources */,
			);
			buildRules = (
			);
			dependencies = (
			);
			name = Embr;
			productName = Embr;
			productReference = 664BE7811BA757F400FA7EA5 /* Embr.app */;
			productType = "com.apple.product-type.application";
		};
		664BE7951BA757F500FA7EA5 /* EmbrTests */ = {
			isa = PBXNativeTarget;
			buildConfigurationList = 664BE7A31BA757F500FA7EA5 /* Build configuration list for PBXNativeTarget "EmbrTests" */;
			buildPhases = (
				664BE7921BA757F500FA7EA5 /* Sources */,
				664BE7931BA757F500FA7EA5 /* Frameworks */,
				664BE7941BA757F500FA7EA5 /* Resources */,
			);
			buildRules = (
			);
			dependencies = (
				664BE7981BA757F500FA7EA5 /* PBXTargetDependency */,
			);
			name = EmbrTests;
			productName = EmbrTests;
			productReference = 664BE7961BA757F500FA7EA5 /* EmbrTests.xctest */;
			productType = "com.apple.product-type.bundle.unit-test";
		};
/* End PBXNativeTarget section */

/* Begin PBXProject section */
		664BE7791BA757F400FA7EA5 /* Project object */ = {
			isa = PBXProject;
			attributes = {
				LastSwiftUpdateCheck = 0700;
				LastUpgradeCheck = 0700;
				ORGANIZATIONNAME = SeniorProject;
				TargetAttributes = {
					664BE7801BA757F400FA7EA5 = {
						CreatedOnToolsVersion = 6.4;
						DevelopmentTeam = 7YM9BDZXCM;
					};
					664BE7951BA757F500FA7EA5 = {
						CreatedOnToolsVersion = 6.4;
						TestTargetID = 664BE7801BA757F400FA7EA5;
					};
				};
			};
			buildConfigurationList = 664BE77C1BA757F400FA7EA5 /* Build configuration list for PBXProject "Embr" */;
			compatibilityVersion = "Xcode 3.2";
			developmentRegion = English;
			hasScannedForEncodings = 0;
			knownRegions = (
				en,
				Base,
			);
			mainGroup = 664BE7781BA757F400FA7EA5;
			productRefGroup = 664BE7821BA757F400FA7EA5 /* Products */;
			projectDirPath = "";
			projectRoot = "";
			targets = (
				664BE7801BA757F400FA7EA5 /* Embr */,
				664BE7951BA757F500FA7EA5 /* EmbrTests */,
			);
		};
/* End PBXProject section */

/* Begin PBXResourcesBuildPhase section */
		664BE77F1BA757F400FA7EA5 /* Resources */ = {
			isa = PBXResourcesBuildPhase;
			buildActionMask = 2147483647;
			files = (
				664BE7A71BA758AE00FA7EA5 /* Main.storyboard in Resources */,
				664BE7911BA757F500FA7EA5 /* LaunchScreen.xib in Resources */,
				664BE78E1BA757F500FA7EA5 /* Images.xcassets in Resources */,
			);
			runOnlyForDeploymentPostprocessing = 0;
		};
		664BE7941BA757F500FA7EA5 /* Resources */ = {
			isa = PBXResourcesBuildPhase;
			buildActionMask = 2147483647;
			files = (
			);
			runOnlyForDeploymentPostprocessing = 0;
		};
/* End PBXResourcesBuildPhase section */

/* Begin PBXSourcesBuildPhase section */
		664BE77D1BA757F400FA7EA5 /* Sources */ = {
			isa = PBXSourcesBuildPhase;
			buildActionMask = 2147483647;
			files = (
				665399D91BAC97B30055899B /* SearchViewController.swift in Sources */,
				665399D71BAB43490055899B /* Comment.swift in Sources */,
				6609A8A11BCF1B0B00219D19 /* SessionModel.swift in Sources */,
				66873A0E1BA9CED600A71432 /* ItemDetailsViewController.swift in Sources */,
				664BE7B11BA7857400FA7EA5 /* MediaItem.swift in Sources */,
				668D74B61BF6A86300499A40 /* FriendsListTableViewController.swift in Sources */,
				664BE7871BA757F400FA7EA5 /* AppDelegate.swift in Sources */,
				664882611BD1B966004E41D0 /* LibraryViewController.swift in Sources */,
				66AC95F21BFA810E00F3BF23 /* TopChartsModel.swift in Sources */,
				6609A8A31BCFBF4800219D19 /* LibrariesDataSource.swift in Sources */,
				66209A201BC2FB5C00902B02 /* UserDataSource.swift in Sources */,
				664BE7AF1BA76C5700FA7EA5 /* User.swift in Sources */,
				66CA4B321BB5DE17000B1C76 /* MenuViewController.swift in Sources */,
				66511A8D1BCA8E2600E066BD /* EmbrConnection.swift in Sources */,
				665AC88C1BC5B92D00589860 /* SignUpViewController.swift in Sources */,
				66CA4B341BB5E7D0000B1C76 /* CommentsViewController.swift in Sources */,
				66B172FC1BC40DB000B0BA3D /* CreateCommentViewController.swift in Sources */,
				66AC95F01BFA80CE00F3BF23 /* TopChartsTableViewController.swift in Sources */,
				66209A1E1BC2FA3600902B02 /* CommentsDataSource.swift in Sources */,
				6637245E1BC082CC00BEA831 /* LoginViewController.swift in Sources */,
				666796981BB6BD2A00643098 /* ItemDataSource.swift in Sources */,
				66E5BCFF1BF4F19B00E91DA2 /* ProfileViewController.swift in Sources */,
				664882631BD26FB3004E41D0 /* LibrariesListTableViewController.swift in Sources */,
				6648825D1BD1AF3A004E41D0 /* Library.swift in Sources */,
			);
			runOnlyForDeploymentPostprocessing = 0;
		};
		664BE7921BA757F500FA7EA5 /* Sources */ = {
			isa = PBXSourcesBuildPhase;
			buildActionMask = 2147483647;
			files = (
				664BE79D1BA757F500FA7EA5 /* EmbrTests.swift in Sources */,
			);
			runOnlyForDeploymentPostprocessing = 0;
		};
/* End PBXSourcesBuildPhase section */

/* Begin PBXTargetDependency section */
		664BE7981BA757F500FA7EA5 /* PBXTargetDependency */ = {
			isa = PBXTargetDependency;
			target = 664BE7801BA757F400FA7EA5 /* Embr */;
			targetProxy = 664BE7971BA757F500FA7EA5 /* PBXContainerItemProxy */;
		};
/* End PBXTargetDependency section */

/* Begin PBXVariantGroup section */
		664BE78F1BA757F500FA7EA5 /* LaunchScreen.xib */ = {
			isa = PBXVariantGroup;
			children = (
				664BE7901BA757F500FA7EA5 /* Base */,
			);
			name = LaunchScreen.xib;
			sourceTree = "<group>";
		};
/* End PBXVariantGroup section */

/* Begin XCBuildConfiguration section */
		664BE79E1BA757F500FA7EA5 /* Debug */ = {
			isa = XCBuildConfiguration;
			buildSettings = {
				ALWAYS_SEARCH_USER_PATHS = NO;
				CLANG_CXX_LANGUAGE_STANDARD = "gnu++0x";
				CLANG_CXX_LIBRARY = "libc++";
				CLANG_ENABLE_MODULES = YES;
				CLANG_ENABLE_OBJC_ARC = YES;
				CLANG_WARN_BOOL_CONVERSION = YES;
				CLANG_WARN_CONSTANT_CONVERSION = YES;
				CLANG_WARN_DIRECT_OBJC_ISA_USAGE = YES_ERROR;
				CLANG_WARN_EMPTY_BODY = YES;
				CLANG_WARN_ENUM_CONVERSION = YES;
				CLANG_WARN_INT_CONVERSION = YES;
				CLANG_WARN_OBJC_ROOT_CLASS = YES_ERROR;
				CLANG_WARN_UNREACHABLE_CODE = YES;
				CLANG_WARN__DUPLICATE_METHOD_MATCH = YES;
				CODE_SIGN_IDENTITY = "iPhone Developer";
				"CODE_SIGN_IDENTITY[sdk=iphoneos*]" = "iPhone Developer";
				COPY_PHASE_STRIP = NO;
				DEBUG_INFORMATION_FORMAT = "dwarf-with-dsym";
				ENABLE_STRICT_OBJC_MSGSEND = YES;
				ENABLE_TESTABILITY = YES;
				GCC_C_LANGUAGE_STANDARD = gnu99;
				GCC_DYNAMIC_NO_PIC = NO;
				GCC_NO_COMMON_BLOCKS = YES;
				GCC_OPTIMIZATION_LEVEL = 0;
				GCC_PREPROCESSOR_DEFINITIONS = (
					"DEBUG=1",
					"$(inherited)",
				);
				GCC_SYMBOLS_PRIVATE_EXTERN = NO;
				GCC_WARN_64_TO_32_BIT_CONVERSION = YES;
				GCC_WARN_ABOUT_RETURN_TYPE = YES_ERROR;
				GCC_WARN_UNDECLARED_SELECTOR = YES;
				GCC_WARN_UNINITIALIZED_AUTOS = YES_AGGRESSIVE;
				GCC_WARN_UNUSED_FUNCTION = YES;
				GCC_WARN_UNUSED_VARIABLE = YES;
				IPHONEOS_DEPLOYMENT_TARGET = 8.4;
				MTL_ENABLE_DEBUG_INFO = YES;
				ONLY_ACTIVE_ARCH = YES;
				SDKROOT = iphoneos;
				SWIFT_OPTIMIZATION_LEVEL = "-Onone";
				TARGETED_DEVICE_FAMILY = "1,2";
			};
			name = Debug;
		};
		664BE79F1BA757F500FA7EA5 /* Release */ = {
			isa = XCBuildConfiguration;
			buildSettings = {
				ALWAYS_SEARCH_USER_PATHS = NO;
				CLANG_CXX_LANGUAGE_STANDARD = "gnu++0x";
				CLANG_CXX_LIBRARY = "libc++";
				CLANG_ENABLE_MODULES = YES;
				CLANG_ENABLE_OBJC_ARC = YES;
				CLANG_WARN_BOOL_CONVERSION = YES;
				CLANG_WARN_CONSTANT_CONVERSION = YES;
				CLANG_WARN_DIRECT_OBJC_ISA_USAGE = YES_ERROR;
				CLANG_WARN_EMPTY_BODY = YES;
				CLANG_WARN_ENUM_CONVERSION = YES;
				CLANG_WARN_INT_CONVERSION = YES;
				CLANG_WARN_OBJC_ROOT_CLASS = YES_ERROR;
				CLANG_WARN_UNREACHABLE_CODE = YES;
				CLANG_WARN__DUPLICATE_METHOD_MATCH = YES;
				CODE_SIGN_IDENTITY = "iPhone Developer";
				"CODE_SIGN_IDENTITY[sdk=iphoneos*]" = "iPhone Developer";
				COPY_PHASE_STRIP = NO;
				DEBUG_INFORMATION_FORMAT = "dwarf-with-dsym";
				ENABLE_NS_ASSERTIONS = NO;
				ENABLE_STRICT_OBJC_MSGSEND = YES;
				GCC_C_LANGUAGE_STANDARD = gnu99;
				GCC_NO_COMMON_BLOCKS = YES;
				GCC_WARN_64_TO_32_BIT_CONVERSION = YES;
				GCC_WARN_ABOUT_RETURN_TYPE = YES_ERROR;
				GCC_WARN_UNDECLARED_SELECTOR = YES;
				GCC_WARN_UNINITIALIZED_AUTOS = YES_AGGRESSIVE;
				GCC_WARN_UNUSED_FUNCTION = YES;
				GCC_WARN_UNUSED_VARIABLE = YES;
				IPHONEOS_DEPLOYMENT_TARGET = 8.4;
				MTL_ENABLE_DEBUG_INFO = NO;
				SDKROOT = iphoneos;
				TARGETED_DEVICE_FAMILY = "1,2";
				VALIDATE_PRODUCT = YES;
			};
			name = Release;
		};
		664BE7A11BA757F500FA7EA5 /* Debug */ = {
			isa = XCBuildConfiguration;
			buildSettings = {
				ASSETCATALOG_COMPILER_APPICON_NAME = AppIcon;
				CODE_SIGN_IDENTITY = "iPhone Developer";
				"CODE_SIGN_IDENTITY[sdk=iphoneos*]" = "iPhone Developer";
				INFOPLIST_FILE = Embr/Info.plist;
				IPHONEOS_DEPLOYMENT_TARGET = 8.0;
				LD_RUNPATH_SEARCH_PATHS = "$(inherited) @executable_path/Frameworks";
				PRODUCT_BUNDLE_IDENTIFIER = mnrta.seniorproject4850.embr.Embr;
				PRODUCT_NAME = "$(TARGET_NAME)";
				PROVISIONING_PROFILE = "";
			};
			name = Debug;
		};
		664BE7A21BA757F500FA7EA5 /* Release */ = {
			isa = XCBuildConfiguration;
			buildSettings = {
				ASSETCATALOG_COMPILER_APPICON_NAME = AppIcon;
				CODE_SIGN_IDENTITY = "iPhone Developer";
				"CODE_SIGN_IDENTITY[sdk=iphoneos*]" = "iPhone Developer";
				INFOPLIST_FILE = Embr/Info.plist;
				IPHONEOS_DEPLOYMENT_TARGET = 8.0;
				LD_RUNPATH_SEARCH_PATHS = "$(inherited) @executable_path/Frameworks";
				PRODUCT_BUNDLE_IDENTIFIER = mnrta.seniorproject4850.embr.Embr;
				PRODUCT_NAME = "$(TARGET_NAME)";
				PROVISIONING_PROFILE = "";
			};
			name = Release;
		};
		664BE7A41BA757F500FA7EA5 /* Debug */ = {
			isa = XCBuildConfiguration;
			buildSettings = {
				BUNDLE_LOADER = "$(TEST_HOST)";
				FRAMEWORK_SEARCH_PATHS = (
					"$(SDKROOT)/Developer/Library/Frameworks",
					"$(inherited)",
				);
				GCC_PREPROCESSOR_DEFINITIONS = (
					"DEBUG=1",
					"$(inherited)",
				);
				INFOPLIST_FILE = EmbrTests/Info.plist;
				LD_RUNPATH_SEARCH_PATHS = "$(inherited) @executable_path/Frameworks @loader_path/Frameworks";
				PRODUCT_BUNDLE_IDENTIFIER = "mnrta.seniorproject.embr.$(PRODUCT_NAME:rfc1034identifier)";
				PRODUCT_NAME = "$(TARGET_NAME)";
				TEST_HOST = "$(BUILT_PRODUCTS_DIR)/Embr.app/Embr";
			};
			name = Debug;
		};
		664BE7A51BA757F500FA7EA5 /* Release */ = {
			isa = XCBuildConfiguration;
			buildSettings = {
				BUNDLE_LOADER = "$(TEST_HOST)";
				FRAMEWORK_SEARCH_PATHS = (
					"$(SDKROOT)/Developer/Library/Frameworks",
					"$(inherited)",
				);
				INFOPLIST_FILE = EmbrTests/Info.plist;
				LD_RUNPATH_SEARCH_PATHS = "$(inherited) @executable_path/Frameworks @loader_path/Frameworks";
				PRODUCT_BUNDLE_IDENTIFIER = "mnrta.seniorproject.embr.$(PRODUCT_NAME:rfc1034identifier)";
				PRODUCT_NAME = "$(TARGET_NAME)";
				TEST_HOST = "$(BUILT_PRODUCTS_DIR)/Embr.app/Embr";
			};
			name = Release;
		};
/* End XCBuildConfiguration section */

/* Begin XCConfigurationList section */
		664BE77C1BA757F400FA7EA5 /* Build configuration list for PBXProject "Embr" */ = {
			isa = XCConfigurationList;
			buildConfigurations = (
				664BE79E1BA757F500FA7EA5 /* Debug */,
				664BE79F1BA757F500FA7EA5 /* Release */,
			);
			defaultConfigurationIsVisible = 0;
			defaultConfigurationName = Release;
		};
		664BE7A01BA757F500FA7EA5 /* Build configuration list for PBXNativeTarget "Embr" */ = {
			isa = XCConfigurationList;
			buildConfigurations = (
				664BE7A11BA757F500FA7EA5 /* Debug */,
				664BE7A21BA757F500FA7EA5 /* Release */,
			);
			defaultConfigurationIsVisible = 0;
			defaultConfigurationName = Release;
		};
		664BE7A31BA757F500FA7EA5 /* Build configuration list for PBXNativeTarget "EmbrTests" */ = {
			isa = XCConfigurationList;
			buildConfigurations = (
				664BE7A41BA757F500FA7EA5 /* Debug */,
				664BE7A51BA757F500FA7EA5 /* Release */,
			);
			defaultConfigurationIsVisible = 0;
			defaultConfigurationName = Release;
		};
/* End XCConfigurationList section */
	};
	rootObject = 664BE7791BA757F400FA7EA5 /* Project object */;
}
